
Microsoft Visual Studio Solution File, Format Version 12.00
# Visual Studio Version 16
VisualStudioVersion = 16.0.33328.57
MinimumVisualStudioVersion = 10.0.40219.1
Project("{FAE04EC0-301F-11D3-BF4B-00C04F79EFBC}") = "RoboTupiniquim", "RoboTupiniquim\RoboTupiniquim.csproj", "{39FB9D02-DDA5-4B41-91DA-A69B85C9C52C}"
EndProject
Global
	GlobalSection(SolutionConfigurationPlatforms) = preSolution
		Debug|Any CPU = Debug|Any CPU
		Release|Any CPU = Release|Any CPU
	EndGlobalSection
	GlobalSection(ProjectConfigurationPlatforms) = postSolution
		{39FB9D02-DDA5-4B41-91DA-A69B85C9C52C}.Debug|Any CPU.ActiveCfg = Debug|Any CPU
		{39FB9D02-DDA5-4B41-91DA-A69B85C9C52C}.Debug|Any CPU.Build.0 = Debug|Any CPU
		{39FB9D02-DDA5-4B41-91DA-A69B85C9C52C}.Release|Any CPU.ActiveCfg = Release|Any CPU
		{39FB9D02-DDA5-4B41-91DA-A69B85C9C52C}.Release|Any CPU.Build.0 = Release|Any CPU
	EndGlobalSection
	GlobalSection(SolutionProperties) = preSolution
		HideSolutionNode = FALSE
	EndGlobalSection
	GlobalSection(ExtensibilityGlobals) = postSolution
		SolutionGuid = {08D9DD31-A857-4F14-BEC8-F1FCE0964FEA}
	EndGlobalSection
EndGlobal
